// !$*UTF8*$!
{
	archiveVersion = 1;
	classes = {
	};
	objectVersion = 46;
	objects = {

/* Begin PBXBuildFile section */
		F1C1BC261D91271D00014FE4 /* main.m in Sources */ = {isa = PBXBuildFile; fileRef = F1C1BC251D91271D00014FE4 /* main.m */; };
		F1C1BC291D91271D00014FE4 /* AppDelegate.m in Sources */ = {isa = PBXBuildFile; fileRef = F1C1BC281D91271D00014FE4 /* AppDelegate.m */; };
		F1C1BC2C1D91271D00014FE4 /* ViewController.m in Sources */ = {isa = PBXBuildFile; fileRef = F1C1BC2B1D91271D00014FE4 /* ViewController.m */; };
		F1C1BC2F1D91271D00014FE4 /* Main.storyboard in Resources */ = {isa = PBXBuildFile; fileRef = F1C1BC2D1D91271D00014FE4 /* Main.storyboard */; };
		F1C1BC311D91271D00014FE4 /* Assets.xcassets in Resources */ = {isa = PBXBuildFile; fileRef = F1C1BC301D91271D00014FE4 /* Assets.xcassets */; };
		F1C1BC341D91271D00014FE4 /* LaunchScreen.storyboard in Resources */ = {isa = PBXBuildFile; fileRef = F1C1BC321D91271D00014FE4 /* LaunchScreen.storyboard */; };
		F1C1BC3F1D91271D00014FE4 /* Demo01__GitHubTests.m in Sources */ = {isa = PBXBuildFile; fileRef = F1C1BC3E1D91271D00014FE4 /* Demo01__GitHubTests.m */; };
/* End PBXBuildFile section */

/* Begin PBXContainerItemProxy section */
		F1C1BC3B1D91271D00014FE4 /* PBXContainerItemProxy */ = {
			isa = PBXContainerItemProxy;
			containerPortal = F1C1BC191D91271D00014FE4 /* Project object */;
			proxyType = 1;
			remoteGlobalIDString = F1C1BC201D91271D00014FE4;
			remoteInfo = "Demo01——GitHub";
		};
/* End PBXContainerItemProxy section */

/* Begin PBXFileReference section */
		F1C1BC211D91271D00014FE4 /* Demo01——GitHub.app */ = {isa = PBXFileReference; explicitFileType = wrapper.application; includeInIndex = 0; path = "Demo01——GitHub.app"; sourceTree = BUILT_PRODUCTS_DIR; };
		F1C1BC251D91271D00014FE4 /* main.m */ = {isa = PBXFileReference; lastKnownFileType = sourcecode.c.objc; path = main.m; sourceTree = "<group>"; };
		F1C1BC271D91271D00014FE4 /* AppDelegate.h */ = {isa = PBXFileReference; lastKnownFileType = sourcecode.c.h; path = AppDelegate.h; sourceTree = "<group>"; };
		F1C1BC281D91271D00014FE4 /* AppDelegate.m */ = {isa = PBXFileReference; lastKnownFileType = sourcecode.c.objc; path = AppDelegate.m; sourceTree = "<group>"; };
		F1C1BC2A1D91271D00014FE4 /* ViewController.h */ = {isa = PBXFileReference; lastKnownFileType = sourcecode.c.h; path = ViewController.h; sourceTree = "<group>"; };
		F1C1BC2B1D91271D00014FE4 /* ViewController.m */ = {isa = PBXFileReference; lastKnownFileType = sourcecode.c.objc; path = ViewController.m; sourceTree = "<group>"; };
		F1C1BC2E1D91271D00014FE4 /* Base */ = {isa = PBXFileReference; lastKnownFileType = file.storyboard; name = Base; path = Base.lproj/Main.storyboard; sourceTree = "<group>"; };
		F1C1BC301D91271D00014FE4 /* Assets.xcassets */ = {isa = PBXFileReference; lastKnownFileType = folder.assetcatalog; path = Assets.xcassets; sourceTree = "<group>"; };
		F1C1BC331D91271D00014FE4 /* Base */ = {isa = PBXFileReference; lastKnownFileType = file.storyboard; name = Base; path = Base.lproj/LaunchScreen.storyboard; sourceTree = "<group>"; };
		F1C1BC351D91271D00014FE4 /* Info.plist */ = {isa = PBXFileReference; lastKnownFileType = text.plist.xml; path = Info.plist; sourceTree = "<group>"; };
		F1C1BC3A1D91271D00014FE4 /* Demo01——GitHubTests.xctest */ = {isa = PBXFileReference; explicitFileType = wrapper.cfbundle; includeInIndex = 0; path = "Demo01——GitHubTests.xctest"; sourceTree = BUILT_PRODUCTS_DIR; };
		F1C1BC3E1D91271D00014FE4 /* Demo01__GitHubTests.m */ = {isa = PBXFileReference; lastKnownFileType = sourcecode.c.objc; path = Demo01__GitHubTests.m; sourceTree = "<group>"; };
		F1C1BC401D91271D00014FE4 /* Info.plist */ = {isa = PBXFileReference; lastKnownFileType = text.plist.xml; path = Info.plist; sourceTree = "<group>"; };
/* End PBXFileReference section */

/* Begin PBXFrameworksBuildPhase section */
		F1C1BC1E1D91271D00014FE4 /* Frameworks */ = {
			isa = PBXFrameworksBuildPhase;
			buildActionMask = 2147483647;
			files = (
			);
			runOnlyForDeploymentPostprocessing = 0;
		};
		F1C1BC371D91271D00014FE4 /* Frameworks */ = {
			isa = PBXFrameworksBuildPhase;
			buildActionMask = 2147483647;
			files = (
			);
			runOnlyForDeploymentPostprocessing = 0;
		};
/* End PBXFrameworksBuildPhase section */

/* Begin PBXGroup section */
		F1C1BC181D91271D00014FE4 = {
			isa = PBXGroup;
			children = (
				F1C1BC231D91271D00014FE4 /* Demo01——GitHub */,
				F1C1BC3D1D91271D00014FE4 /* Demo01——GitHubTests */,
				F1C1BC221D91271D00014FE4 /* Products */,
			);
			sourceTree = "<group>";
		};
		F1C1BC221D91271D00014FE4 /* Products */ = {
			isa = PBXGroup;
			children = (
				F1C1BC211D91271D00014FE4 /* Demo01——GitHub.app */,
				F1C1BC3A1D91271D00014FE4 /* Demo01——GitHubTests.xctest */,
			);
			name = Products;
			sourceTree = "<group>";
		};
		F1C1BC231D91271D00014FE4 /* Demo01——GitHub */ = {
			isa = PBXGroup;
			children = (
				F1C1BC271D91271D00014FE4 /* AppDelegate.h */,
				F1C1BC281D91271D00014FE4 /* AppDelegate.m */,
				F1C1BC2A1D91271D00014FE4 /* ViewController.h */,
				F1C1BC2B1D91271D00014FE4 /* ViewController.m */,
				F1C1BC2D1D91271D00014FE4 /* Main.storyboard */,
				F1C1BC301D91271D00014FE4 /* Assets.xcassets */,
				F1C1BC321D91271D00014FE4 /* LaunchScreen.storyboard */,
				F1C1BC351D91271D00014FE4 /* Info.plist */,
				F1C1BC241D91271D00014FE4 /* Supporting Files */,
			);
			path = "Demo01——GitHub";
			sourceTree = "<group>";
		};
		F1C1BC241D91271D00014FE4 /* Supporting Files */ = {
			isa = PBXGroup;
			children = (
				F1C1BC251D91271D00014FE4 /* main.m */,
			);
			name = "Supporting Files";
			sourceTree = "<group>";
		};
		F1C1BC3D1D91271D00014FE4 /* Demo01——GitHubTests */ = {
			isa = PBXGroup;
			children = (
				F1C1BC3E1D91271D00014FE4 /* Demo01__GitHubTests.m */,
				F1C1BC401D91271D00014FE4 /* Info.plist */,
			);
			path = "Demo01——GitHubTests";
			sourceTree = "<group>";
		};
/* End PBXGroup section */

/* Begin PBXNativeTarget section */
		F1C1BC201D91271D00014FE4 /* Demo01——GitHub */ = {
			isa = PBXNativeTarget;
			buildConfigurationList = F1C1BC431D91271D00014FE4 /* Build configuration list for PBXNativeTarget "Demo01——GitHub" */;
			buildPhases = (
				F1C1BC1D1D91271D00014FE4 /* Sources */,
				F1C1BC1E1D91271D00014FE4 /* Frameworks */,
				F1C1BC1F1D91271D00014FE4 /* Resources */,
			);
			buildRules = (
			);
			dependencies = (
			);
			name = "Demo01——GitHub";
			productName = "Demo01——GitHub";
			productReference = F1C1BC211D91271D00014FE4 /* Demo01——GitHub.app */;
			productType = "com.apple.product-type.application";
		};
		F1C1BC391D91271D00014FE4 /* Demo01——GitHubTests */ = {
			isa = PBXNativeTarget;
			buildConfigurationList = F1C1BC461D91271D00014FE4 /* Build configuration list for PBXNativeTarget "Demo01——GitHubTests" */;
			buildPhases = (
				F1C1BC361D91271D00014FE4 /* Sources */,
				F1C1BC371D91271D00014FE4 /* Frameworks */,
				F1C1BC381D91271D00014FE4 /* Resources */,
			);
			buildRules = (
			);
			dependencies = (
				F1C1BC3C1D91271D00014FE4 /* PBXTargetDependency */,
			);
			name = "Demo01——GitHubTests";
			productName = "Demo01——GitHubTests";
			productReference = F1C1BC3A1D91271D00014FE4 /* Demo01——GitHubTests.xctest */;
			productType = "com.apple.product-type.bundle.unit-test";
		};
/* End PBXNativeTarget section */

/* Begin PBXProject section */
		F1C1BC191D91271D00014FE4 /* Project object */ = {
			isa = PBXProject;
			attributes = {
				LastUpgradeCheck = 0730;
				ORGANIZATIONNAME = YLCai;
				TargetAttributes = {
					F1C1BC201D91271D00014FE4 = {
						CreatedOnToolsVersion = 7.3.1;
						DevelopmentTeam = CQXB284UKG;
					};
					F1C1BC391D91271D00014FE4 = {
						CreatedOnToolsVersion = 7.3.1;
						DevelopmentTeam = CQXB284UKG;
						TestTargetID = F1C1BC201D91271D00014FE4;
					};
				};
			};
			buildConfigurationList = F1C1BC1C1D91271D00014FE4 /* Build configuration list for PBXProject "Demo01——GitHub" */;
			compatibilityVersion = "Xcode 3.2";
			developmentRegion = English;
			hasScannedForEncodings = 0;
			knownRegions = (
				en,
				Base,
			);
			mainGroup = F1C1BC181D91271D00014FE4;
			productRefGroup = F1C1BC221D91271D00014FE4 /* Products */;
			projectDirPath = "";
			projectRoot = "";
			targets = (
				F1C1BC201D91271D00014FE4 /* Demo01——GitHub */,
				F1C1BC391D91271D00014FE4 /* Demo01——GitHubTests */,
			);
		};
/* End PBXProject section */

/* Begin PBXResourcesBuildPhase section */
		F1C1BC1F1D91271D00014FE4 /* Resources */ = {
			isa = PBXResourcesBuildPhase;
			buildActionMask = 2147483647;
			files = (
				F1C1BC341D91271D00014FE4 /* LaunchScreen.storyboard in Resources */,
				F1C1BC311D91271D00014FE4 /* Assets.xcassets in Resources */,
				F1C1BC2F1D91271D00014FE4 /* Main.storyboard in Resources */,
			);
			runOnlyForDeploymentPostprocessing = 0;
		};
		F1C1BC381D91271D00014FE4 /* Resources */ = {
			isa = PBXResourcesBuildPhase;
			buildActionMask = 2147483647;
			files = (
			);
			runOnlyForDeploymentPostprocessing = 0;
		};
/* End PBXResourcesBuildPhase section */

/* Begin PBXSourcesBuildPhase section */
		F1C1BC1D1D91271D00014FE4 /* Sources */ = {
			isa = PBXSourcesBuildPhase;
			buildActionMask = 2147483647;
			files = (
				F1C1BC2C1D91271D00014FE4 /* ViewController.m in Sources */,
				F1C1BC291D91271D00014FE4 /* AppDelegate.m in Sources */,
				F1C1BC261D91271D00014FE4 /* main.m in Sources */,
			);
			runOnlyForDeploymentPostprocessing = 0;
		};
		F1C1BC361D91271D00014FE4 /* Sources */ = {
			isa = PBXSourcesBuildPhase;
			buildActionMask = 2147483647;
			files = (
				F1C1BC3F1D91271D00014FE4 /* Demo01__GitHubTests.m in Sources */,
			);
			runOnlyForDeploymentPostprocessing = 0;
		};
/* End PBXSourcesBuildPhase section */

/* Begin PBXTargetDependency section */
		F1C1BC3C1D91271D00014FE4 /* PBXTargetDependency */ = {
			isa = PBXTargetDependency;
			target = F1C1BC201D91271D00014FE4 /* Demo01——GitHub */;
			targetProxy = F1C1BC3B1D91271D00014FE4 /* PBXContainerItemProxy */;
		};
/* End PBXTargetDependency section */

/* Begin PBXVariantGroup section */
		F1C1BC2D1D91271D00014FE4 /* Main.storyboard */ = {
			isa = PBXVariantGroup;
			children = (
				F1C1BC2E1D91271D00014FE4 /* Base */,
			);
			name = Main.storyboard;
			sourceTree = "<group>";
		};
		F1C1BC321D91271D00014FE4 /* LaunchScreen.storyboard */ = {
			isa = PBXVariantGroup;
			children = (
				F1C1BC331D91271D00014FE4 /* Base */,
			);
			name = LaunchScreen.storyboard;
			sourceTree = "<group>";
		};
/* End PBXVariantGroup section */

/* Begin XCBuildConfiguration section */
		F1C1BC411D91271D00014FE4 /* Debug */ = {
			isa = XCBuildConfiguration;
			buildSettings = {
				ALWAYS_SEARCH_USER_PATHS = NO;
				CLANG_ANALYZER_NONNULL = YES;
				CLANG_CXX_LANGUAGE_STANDARD = "gnu++0x";
				CLANG_CXX_LIBRARY = "libc++";
				CLANG_ENABLE_MODULES = YES;
				CLANG_ENABLE_OBJC_ARC = YES;
				CLANG_WARN_BOOL_CONVERSION = YES;
				CLANG_WARN_CONSTANT_CONVERSION = YES;
				CLANG_WARN_DIRECT_OBJC_ISA_USAGE = YES_ERROR;
				CLANG_WARN_EMPTY_BODY = YES;
				CLANG_WARN_ENUM_CONVERSION = YES;
				CLANG_WARN_INT_CONVERSION = YES;
				CLANG_WARN_OBJC_ROOT_CLASS = YES_ERROR;
				CLANG_WARN_UNREACHABLE_CODE = YES;
				CLANG_WARN__DUPLICATE_METHOD_MATCH = YES;
				"CODE_SIGN_IDENTITY[sdk=iphoneos*]" = "iPhone Developer";
				COPY_PHASE_STRIP = NO;
				DEBUG_INFORMATION_FORMAT = dwarf;
				ENABLE_STRICT_OBJC_MSGSEND = YES;
				ENABLE_TESTABILITY = YES;
				GCC_C_LANGUAGE_STANDARD = gnu99;
				GCC_DYNAMIC_NO_PIC = NO;
				GCC_NO_COMMON_BLOCKS = YES;
				GCC_OPTIMIZATION_LEVEL = 0;
				GCC_PREPROCESSOR_DEFINITIONS = (
					"DEBUG=1",
					"$(inherited)",
				);
				GCC_WARN_64_TO_32_BIT_CONVERSION = YES;
				GCC_WARN_ABOUT_RETURN_TYPE = YES_ERROR;
				GCC_WARN_UNDECLARED_SELECTOR = YES;
				GCC_WARN_UNINITIALIZED_AUTOS = YES_AGGRESSIVE;
				GCC_WARN_UNUSED_FUNCTION = YES;
				GCC_WARN_UNUSED_VARIABLE = YES;
				IPHONEOS_DEPLOYMENT_TARGET = 9.3;
				MTL_ENABLE_DEBUG_INFO = YES;
				ONLY_ACTIVE_ARCH = YES;
				SDKROOT = iphoneos;
			};
			name = Debug;
		};
		F1C1BC421D91271D00014FE4 /* Release */ = {
			isa = XCBuildConfiguration;
			buildSettings = {
				ALWAYS_SEARCH_USER_PATHS = NO;
				CLANG_ANALYZER_NONNULL = YES;
				CLANG_CXX_LANGUAGE_STANDARD = "gnu++0x";
				CLANG_CXX_LIBRARY = "libc++";
				CLANG_ENABLE_MODULES = YES;
				CLANG_ENABLE_OBJC_ARC = YES;
				CLANG_WARN_BOOL_CONVERSION = YES;
				CLANG_WARN_CONSTANT_CONVERSION = YES;
				CLANG_WARN_DIRECT_OBJC_ISA_USAGE = YES_ERROR;
				CLANG_WARN_EMPTY_BODY = YES;
				CLANG_WARN_ENUM_CONVERSION = YES;
				CLANG_WARN_INT_CONVERSION = YES;
				CLANG_WARN_OBJC_ROOT_CLASS = YES_ERROR;
				CLANG_WARN_UNREACHABLE_CODE = YES;
				CLANG_WARN__DUPLICATE_METHOD_MATCH = YES;
				"CODE_SIGN_IDENTITY[sdk=iphoneos*]" = "iPhone Developer";
				COPY_PHASE_STRIP = NO;
				DEBUG_INFORMATION_FORMAT = "dwarf-with-dsym";
				ENABLE_NS_ASSERTIONS = NO;
				ENABLE_STRICT_OBJC_MSGSEND = YES;
				GCC_C_LANGUAGE_STANDARD = gnu99;
				GCC_NO_COMMON_BLOCKS = YES;
				GCC_WARN_64_TO_32_BIT_CONVERSION = YES;
				GCC_WARN_ABOUT_RETURN_TYPE = YES_ERROR;
				GCC_WARN_UNDECLARED_SELECTOR = YES;
				GCC_WARN_UNINITIALIZED_AUTOS = YES_AGGRESSIVE;
				GCC_WARN_UNUSED_FUNCTION = YES;
				GCC_WARN_UNUSED_VARIABLE = YES;
				IPHONEOS_DEPLOYMENT_TARGET = 9.3;
				MTL_ENABLE_DEBUG_INFO = NO;
				SDKROOT = iphoneos;
				VALIDATE_PRODUCT = YES;
			};
			name = Release;
		};
		F1C1BC441D91271D00014FE4 /* Debug */ = {
			isa = XCBuildConfiguration;
			buildSettings = {
				ASSETCATALOG_COMPILER_APPICON_NAME = AppIcon;
				INFOPLIST_FILE = "Demo01——GitHub/Info.plist";
				LD_RUNPATH_SEARCH_PATHS = "$(inherited) @executable_path/Frameworks";
				PRODUCT_BUNDLE_IDENTIFIER = "com.YLCai.Demo01--GitHub";
				PRODUCT_NAME = "$(TARGET_NAME)";
			};
			name = Debug;
		};
		F1C1BC451D91271D00014FE4 /* Release */ = {
			isa = XCBuildConfiguration;
			buildSettings = {
				ASSETCATALOG_COMPILER_APPICON_NAME = AppIcon;
				INFOPLIST_FILE = "Demo01——GitHub/Info.plist";
				LD_RUNPATH_SEARCH_PATHS = "$(inherited) @executable_path/Frameworks";
				PRODUCT_BUNDLE_IDENTIFIER = "com.YLCai.Demo01--GitHub";
				PRODUCT_NAME = "$(TARGET_NAME)";
			};
			name = Release;
		};
		F1C1BC471D91271D00014FE4 /* Debug */ = {
			isa = XCBuildConfiguration;
			buildSettings = {
				BUNDLE_LOADER = "$(TEST_HOST)";
				INFOPLIST_FILE = "Demo01——GitHubTests/Info.plist";
				LD_RUNPATH_SEARCH_PATHS = "$(inherited) @executable_path/Frameworks @loader_path/Frameworks";
				PRODUCT_BUNDLE_IDENTIFIER = "com.YLCai.Demo01--GitHubTests";
				PRODUCT_NAME = "$(TARGET_NAME)";
				TEST_HOST = "$(BUILT_PRODUCTS_DIR)/Demo01——GitHub.app/Demo01——GitHub";
			};
			name = Debug;
		};
		F1C1BC481D91271D00014FE4 /* Release */ = {
			isa = XCBuildConfiguration;
			buildSettings = {
				BUNDLE_LOADER = "$(TEST_HOST)";
				INFOPLIST_FILE = "Demo01——GitHubTests/Info.plist";
				LD_RUNPATH_SEARCH_PATHS = "$(inherited) @executable_path/Frameworks @loader_path/Frameworks";
				PRODUCT_BUNDLE_IDENTIFIER = "com.YLCai.Demo01--GitHubTests";
				PRODUCT_NAME = "$(TARGET_NAME)";
				TEST_HOST = "$(BUILT_PRODUCTS_DIR)/Demo01——GitHub.app/Demo01——GitHub";
			};
			name = Release;
		};
/* End XCBuildConfiguration section */

/* Begin XCConfigurationList section */
		F1C1BC1C1D91271D00014FE4 /* Build configuration list for PBXProject "Demo01——GitHub" */ = {
			isa = XCConfigurationList;
			buildConfigurations = (
				F1C1BC411D91271D00014FE4 /* Debug */,
				F1C1BC421D91271D00014FE4 /* Release */,
			);
			defaultConfigurationIsVisible = 0;
			defaultConfigurationName = Release;
		};
		F1C1BC431D91271D00014FE4 /* Build configuration list for PBXNativeTarget "Demo01——GitHub" */ = {
			isa = XCConfigurationList;
			buildConfigurations = (
				F1C1BC441D91271D00014FE4 /* Debug */,
				F1C1BC451D91271D00014FE4 /* Release */,
			);
			defaultConfigurationIsVisible = 0;
		};
		F1C1BC461D91271D00014FE4 /* Build configuration list for PBXNativeTarget "Demo01——GitHubTests" */ = {
			isa = XCConfigurationList;
			buildConfigurations = (
				F1C1BC471D91271D00014FE4 /* Debug */,
				F1C1BC481D91271D00014FE4 /* Release */,
			);
			defaultConfigurationIsVisible = 0;
		};
/* End XCConfigurationList section */
	};
	rootObject = F1C1BC191D91271D00014FE4 /* Project object */;
}
